{
  "name": "nativescript-document-picker",
  "version": "1.0.0",
  "lockfileVersion": 1,
  "requires": true,
  "dependencies": {
    "nativescript-permissions": {
      "version": "1.2.3",
      "resolved": "https://registry.npmjs.org/nativescript-permissions/-/nativescript-permissions-1.2.3.tgz",
      "integrity": "sha1-4+ZVRfmP5IjdVXj3/5DrrjCI5wA="
    }
  }
}
