dependencies:
  @nativescript-community/perms: 1.0.9
lockfileVersion: 5.1
packages:
  /@nativescript-community/perms/1.0.9:
    dev: false
    resolution:
      integrity: sha512-6xXzEVDsXuZzrvb8NxKdzOH+p40DU6HYCRWh0EGAG4nHvTE7DtwMeXeHEcQDu3Nx0PnVbsK3MBa43ryUVgPBMw==
specifiers:
  @nativescript-community/perms: ^1.0.9
